
Microsoft Visual Studio Solution File, Format Version 12.00
# Visual Studio 14
VisualStudioVersion = 14.0.24720.0
MinimumVisualStudioVersion = 10.0.40219.1
Project("{FAE04EC0-301F-11D3-BF4B-00C04F79EFBC}") = "Core", "Core\Core.csproj", "{194CF03B-E8A4-4519-85CC-07FA3AC73B55}"
EndProject
Project("{FAE04EC0-301F-11D3-BF4B-00C04F79EFBC}") = "CoreTests", "CoreTests\CoreTests.csproj", "{9EC60FE0-6586-4C61-97CB-65AC327292D9}"
EndProject
Project("{FAE04EC0-301F-11D3-BF4B-00C04F79EFBC}") = "Flashcard", "Flashcard\Flashcard.csproj", "{76F11C3E-5094-4EE3-8310-29E5D809ED4E}"
EndProject
Global
	GlobalSection(SolutionConfigurationPlatforms) = preSolution
		Debug|Any CPU = Debug|Any CPU
		Debug|ARM = Debug|ARM
		Debug|x64 = Debug|x64
		Debug|x86 = Debug|x86
		Release|Any CPU = Release|Any CPU
		Release|ARM = Release|ARM
		Release|x64 = Release|x64
		Release|x86 = Release|x86
	EndGlobalSection
	GlobalSection(ProjectConfigurationPlatforms) = postSolution
		{194CF03B-E8A4-4519-85CC-07FA3AC73B55}.Debug|Any CPU.ActiveCfg = Debug|Any CPU
		{194CF03B-E8A4-4519-85CC-07FA3AC73B55}.Debug|Any CPU.Build.0 = Debug|Any CPU
		{194CF03B-E8A4-4519-85CC-07FA3AC73B55}.Debug|ARM.ActiveCfg = Debug|Any CPU
		{194CF03B-E8A4-4519-85CC-07FA3AC73B55}.Debug|ARM.Build.0 = Debug|Any CPU
		{194CF03B-E8A4-4519-85CC-07FA3AC73B55}.Debug|x64.ActiveCfg = Debug|Any CPU
		{194CF03B-E8A4-4519-85CC-07FA3AC73B55}.Debug|x64.Build.0 = Debug|Any CPU
		{194CF03B-E8A4-4519-85CC-07FA3AC73B55}.Debug|x86.ActiveCfg = Debug|Any CPU
		{194CF03B-E8A4-4519-85CC-07FA3AC73B55}.Debug|x86.Build.0 = Debug|Any CPU
		{194CF03B-E8A4-4519-85CC-07FA3AC73B55}.Release|Any CPU.ActiveCfg = Release|Any CPU
		{194CF03B-E8A4-4519-85CC-07FA3AC73B55}.Release|Any CPU.Build.0 = Release|Any CPU
		{194CF03B-E8A4-4519-85CC-07FA3AC73B55}.Release|ARM.ActiveCfg = Release|Any CPU
		{194CF03B-E8A4-4519-85CC-07FA3AC73B55}.Release|ARM.Build.0 = Release|Any CPU
		{194CF03B-E8A4-4519-85CC-07FA3AC73B55}.Release|x64.ActiveCfg = Release|Any CPU
		{194CF03B-E8A4-4519-85CC-07FA3AC73B55}.Release|x64.Build.0 = Release|Any CPU
		{194CF03B-E8A4-4519-85CC-07FA3AC73B55}.Release|x86.ActiveCfg = Release|Any CPU
		{194CF03B-E8A4-4519-85CC-07FA3AC73B55}.Release|x86.Build.0 = Release|Any CPU
		{9EC60FE0-6586-4C61-97CB-65AC327292D9}.Debug|Any CPU.ActiveCfg = Debug|Any CPU
		{9EC60FE0-6586-4C61-97CB-65AC327292D9}.Debug|Any CPU.Build.0 = Debug|Any CPU
		{9EC60FE0-6586-4C61-97CB-65AC327292D9}.Debug|ARM.ActiveCfg = Debug|Any CPU
		{9EC60FE0-6586-4C61-97CB-65AC327292D9}.Debug|ARM.Build.0 = Debug|Any CPU
		{9EC60FE0-6586-4C61-97CB-65AC327292D9}.Debug|x64.ActiveCfg = Debug|Any CPU
		{9EC60FE0-6586-4C61-97CB-65AC327292D9}.Debug|x64.Build.0 = Debug|Any CPU
		{9EC60FE0-6586-4C61-97CB-65AC327292D9}.Debug|x86.ActiveCfg = Debug|Any CPU
		{9EC60FE0-6586-4C61-97CB-65AC327292D9}.Debug|x86.Build.0 = Debug|Any CPU
		{9EC60FE0-6586-4C61-97CB-65AC327292D9}.Release|Any CPU.ActiveCfg = Release|Any CPU
		{9EC60FE0-6586-4C61-97CB-65AC327292D9}.Release|Any CPU.Build.0 = Release|Any CPU
		{9EC60FE0-6586-4C61-97CB-65AC327292D9}.Release|ARM.ActiveCfg = Release|Any CPU
		{9EC60FE0-6586-4C61-97CB-65AC327292D9}.Release|ARM.Build.0 = Release|Any CPU
		{9EC60FE0-6586-4C61-97CB-65AC327292D9}.Release|x64.ActiveCfg = Release|Any CPU
		{9EC60FE0-6586-4C61-97CB-65AC327292D9}.Release|x64.Build.0 = Release|Any CPU
		{9EC60FE0-6586-4C61-97CB-65AC327292D9}.Release|x86.ActiveCfg = Release|Any CPU
		{9EC60FE0-6586-4C61-97CB-65AC327292D9}.Release|x86.Build.0 = Release|Any CPU
		{76F11C3E-5094-4EE3-8310-29E5D809ED4E}.Debug|Any CPU.ActiveCfg = Debug|Any CPU
		{76F11C3E-5094-4EE3-8310-29E5D809ED4E}.Debug|Any CPU.Build.0 = Debug|Any CPU
		{76F11C3E-5094-4EE3-8310-29E5D809ED4E}.Debug|ARM.ActiveCfg = Debug|Any CPU
		{76F11C3E-5094-4EE3-8310-29E5D809ED4E}.Debug|ARM.Build.0 = Debug|Any CPU
		{76F11C3E-5094-4EE3-8310-29E5D809ED4E}.Debug|x64.ActiveCfg = Debug|Any CPU
		{76F11C3E-5094-4EE3-8310-29E5D809ED4E}.Debug|x64.Build.0 = Debug|Any CPU
		{76F11C3E-5094-4EE3-8310-29E5D809ED4E}.Debug|x86.ActiveCfg = Debug|Any CPU
		{76F11C3E-5094-4EE3-8310-29E5D809ED4E}.Debug|x86.Build.0 = Debug|Any CPU
		{76F11C3E-5094-4EE3-8310-29E5D809ED4E}.Release|Any CPU.ActiveCfg = Release|Any CPU
		{76F11C3E-5094-4EE3-8310-29E5D809ED4E}.Release|Any CPU.Build.0 = Release|Any CPU
		{76F11C3E-5094-4EE3-8310-29E5D809ED4E}.Release|ARM.ActiveCfg = Release|Any CPU
		{76F11C3E-5094-4EE3-8310-29E5D809ED4E}.Release|ARM.Build.0 = Release|Any CPU
		{76F11C3E-5094-4EE3-8310-29E5D809ED4E}.Release|x64.ActiveCfg = Release|Any CPU
		{76F11C3E-5094-4EE3-8310-29E5D809ED4E}.Release|x64.Build.0 = Release|Any CPU
		{76F11C3E-5094-4EE3-8310-29E5D809ED4E}.Release|x86.ActiveCfg = Release|Any CPU
		{76F11C3E-5094-4EE3-8310-29E5D809ED4E}.Release|x86.Build.0 = Release|Any CPU
	EndGlobalSection
	GlobalSection(SolutionProperties) = preSolution
		HideSolutionNode = FALSE
	EndGlobalSection
EndGlobal
